
Microsoft Visual Studio Solution File, Format Version 12.00
# Visual Studio 15
VisualStudioVersion = 15.0.28307.329
MinimumVisualStudioVersion = 10.0.40219.1
Project("{FAE04EC0-301F-11D3-BF4B-00C04F79EFBC}") = "XamarinSDK.Android", "XamarinSDK\XamarinSDK.Android\XamarinSDK.Android.csproj", "{DA6AA0DD-4F6F-4A3F-B453-3309222C29A8}"
EndProject
Project("{FAE04EC0-301F-11D3-BF4B-00C04F79EFBC}") = "XamarinSDK.iOS", "XamarinSDK\XamarinSDK.iOS\XamarinSDK.iOS.csproj", "{E3D90551-1743-49D6-9C12-25D3A9C8446B}"
EndProject
Project("{FAE04EC0-301F-11D3-BF4B-00C04F79EFBC}") = "XamarinSDK.UWP", "XamarinSDK\XamarinSDK.UWP\XamarinSDK.UWP.csproj", "{B3F1933B-99D4-4FCA-9B16-37BB849FFCFE}"
EndProject
Project("{9A19103F-16F7-4668-BE54-9A1E7A4F7556}") = "XamarinSDK", "XamarinSDK\XamarinSDK\XamarinSDK.csproj", "{C3BED0C8-7B67-438C-A2B5-642955DF0E24}"
EndProject
Global
	GlobalSection(SolutionConfigurationPlatforms) = preSolution
		Ad-Hoc|Any CPU = Ad-Hoc|Any CPU
		Ad-Hoc|ARM = Ad-Hoc|ARM
		Ad-Hoc|iPhone = Ad-Hoc|iPhone
		Ad-Hoc|iPhoneSimulator = Ad-Hoc|iPhoneSimulator
		Ad-Hoc|x64 = Ad-Hoc|x64
		Ad-Hoc|x86 = Ad-Hoc|x86
		AppStore|Any CPU = AppStore|Any CPU
		AppStore|ARM = AppStore|ARM
		AppStore|iPhone = AppStore|iPhone
		AppStore|iPhoneSimulator = AppStore|iPhoneSimulator
		AppStore|x64 = AppStore|x64
		AppStore|x86 = AppStore|x86
		Debug|Any CPU = Debug|Any CPU
		Debug|ARM = Debug|ARM
		Debug|iPhone = Debug|iPhone
		Debug|iPhoneSimulator = Debug|iPhoneSimulator
		Debug|x64 = Debug|x64
		Debug|x86 = Debug|x86
		Release|Any CPU = Release|Any CPU
		Release|ARM = Release|ARM
		Release|iPhone = Release|iPhone
		Release|iPhoneSimulator = Release|iPhoneSimulator
		Release|x64 = Release|x64
		Release|x86 = Release|x86
	EndGlobalSection
	GlobalSection(ProjectConfigurationPlatforms) = postSolution
		{DA6AA0DD-4F6F-4A3F-B453-3309222C29A8}.Ad-Hoc|Any CPU.ActiveCfg = Release|Any CPU
		{DA6AA0DD-4F6F-4A3F-B453-3309222C29A8}.Ad-Hoc|ARM.ActiveCfg = Release|Any CPU
		{DA6AA0DD-4F6F-4A3F-B453-3309222C29A8}.Ad-Hoc|iPhone.ActiveCfg = Release|Any CPU
		{DA6AA0DD-4F6F-4A3F-B453-3309222C29A8}.Ad-Hoc|iPhoneSimulator.ActiveCfg = Release|Any CPU
		{DA6AA0DD-4F6F-4A3F-B453-3309222C29A8}.Ad-Hoc|x64.ActiveCfg = Release|Any CPU
		{DA6AA0DD-4F6F-4A3F-B453-3309222C29A8}.Ad-Hoc|x86.ActiveCfg = Release|Any CPU
		{DA6AA0DD-4F6F-4A3F-B453-3309222C29A8}.AppStore|Any CPU.ActiveCfg = Release|Any CPU
		{DA6AA0DD-4F6F-4A3F-B453-3309222C29A8}.AppStore|Any CPU.Build.0 = Release|Any CPU
		{DA6AA0DD-4F6F-4A3F-B453-3309222C29A8}.AppStore|Any CPU.Deploy.0 = Release|Any CPU
		{DA6AA0DD-4F6F-4A3F-B453-3309222C29A8}.AppStore|ARM.ActiveCfg = Release|Any CPU
		{DA6AA0DD-4F6F-4A3F-B453-3309222C29A8}.AppStore|iPhone.ActiveCfg = Release|Any CPU
		{DA6AA0DD-4F6F-4A3F-B453-3309222C29A8}.AppStore|iPhoneSimulator.ActiveCfg = Release|Any CPU
		{DA6AA0DD-4F6F-4A3F-B453-3309222C29A8}.AppStore|x64.ActiveCfg = Release|Any CPU
		{DA6AA0DD-4F6F-4A3F-B453-3309222C29A8}.AppStore|x86.ActiveCfg = Release|Any CPU
		{DA6AA0DD-4F6F-4A3F-B453-3309222C29A8}.Debug|Any CPU.ActiveCfg = Debug|Any CPU
		{DA6AA0DD-4F6F-4A3F-B453-3309222C29A8}.Debug|Any CPU.Build.0 = Debug|Any CPU
		{DA6AA0DD-4F6F-4A3F-B453-3309222C29A8}.Debug|Any CPU.Deploy.0 = Debug|Any CPU
		{DA6AA0DD-4F6F-4A3F-B453-3309222C29A8}.Debug|ARM.ActiveCfg = Debug|Any CPU
		{DA6AA0DD-4F6F-4A3F-B453-3309222C29A8}.Debug|iPhone.ActiveCfg = Debug|Any CPU
		{DA6AA0DD-4F6F-4A3F-B453-3309222C29A8}.Debug|iPhoneSimulator.ActiveCfg = Debug|Any CPU
		{DA6AA0DD-4F6F-4A3F-B453-3309222C29A8}.Debug|x64.ActiveCfg = Debug|Any CPU
		{DA6AA0DD-4F6F-4A3F-B453-3309222C29A8}.Debug|x86.ActiveCfg = Debug|Any CPU
		{DA6AA0DD-4F6F-4A3F-B453-3309222C29A8}.Release|Any CPU.ActiveCfg = Release|Any CPU
		{DA6AA0DD-4F6F-4A3F-B453-3309222C29A8}.Release|Any CPU.Build.0 = Release|Any CPU
		{DA6AA0DD-4F6F-4A3F-B453-3309222C29A8}.Release|Any CPU.Deploy.0 = Release|Any CPU
		{DA6AA0DD-4F6F-4A3F-B453-3309222C29A8}.Release|ARM.ActiveCfg = Release|Any CPU
		{DA6AA0DD-4F6F-4A3F-B453-3309222C29A8}.Release|iPhone.ActiveCfg = Release|Any CPU
		{DA6AA0DD-4F6F-4A3F-B453-3309222C29A8}.Release|iPhoneSimulator.ActiveCfg = Release|Any CPU
		{DA6AA0DD-4F6F-4A3F-B453-3309222C29A8}.Release|x64.ActiveCfg = Release|Any CPU
		{DA6AA0DD-4F6F-4A3F-B453-3309222C29A8}.Release|x86.ActiveCfg = Release|Any CPU
		{E3D90551-1743-49D6-9C12-25D3A9C8446B}.Ad-Hoc|Any CPU.ActiveCfg = Ad-Hoc|iPhone
		{E3D90551-1743-49D6-9C12-25D3A9C8446B}.Ad-Hoc|Any CPU.Deploy.0 = Ad-Hoc|iPhone
		{E3D90551-1743-49D6-9C12-25D3A9C8446B}.Ad-Hoc|ARM.ActiveCfg = Ad-Hoc|iPhone
		{E3D90551-1743-49D6-9C12-25D3A9C8446B}.Ad-Hoc|ARM.Deploy.0 = Ad-Hoc|iPhone
		{E3D90551-1743-49D6-9C12-25D3A9C8446B}.Ad-Hoc|iPhone.ActiveCfg = Ad-Hoc|iPhone
		{E3D90551-1743-49D6-9C12-25D3A9C8446B}.Ad-Hoc|iPhone.Build.0 = Ad-Hoc|iPhone
		{E3D90551-1743-49D6-9C12-25D3A9C8446B}.Ad-Hoc|iPhone.Deploy.0 = Ad-Hoc|iPhone
		{E3D90551-1743-49D6-9C12-25D3A9C8446B}.Ad-Hoc|iPhoneSimulator.ActiveCfg = Ad-Hoc|iPhoneSimulator
		{E3D90551-1743-49D6-9C12-25D3A9C8446B}.Ad-Hoc|iPhoneSimulator.Build.0 = Ad-Hoc|iPhoneSimulator
		{E3D90551-1743-49D6-9C12-25D3A9C8446B}.Ad-Hoc|iPhoneSimulator.Deploy.0 = Ad-Hoc|iPhoneSimulator
		{E3D90551-1743-49D6-9C12-25D3A9C8446B}.Ad-Hoc|x64.ActiveCfg = Ad-Hoc|iPhone
		{E3D90551-1743-49D6-9C12-25D3A9C8446B}.Ad-Hoc|x64.Deploy.0 = Ad-Hoc|iPhone
		{E3D90551-1743-49D6-9C12-25D3A9C8446B}.Ad-Hoc|x86.ActiveCfg = Ad-Hoc|iPhone
		{E3D90551-1743-49D6-9C12-25D3A9C8446B}.Ad-Hoc|x86.Deploy.0 = Ad-Hoc|iPhone
		{E3D90551-1743-49D6-9C12-25D3A9C8446B}.AppStore|Any CPU.ActiveCfg = AppStore|iPhone
		{E3D90551-1743-49D6-9C12-25D3A9C8446B}.AppStore|Any CPU.Deploy.0 = AppStore|iPhone
		{E3D90551-1743-49D6-9C12-25D3A9C8446B}.AppStore|ARM.ActiveCfg = AppStore|iPhone
		{E3D90551-1743-49D6-9C12-25D3A9C8446B}.AppStore|ARM.Deploy.0 = AppStore|iPhone
		{E3D90551-1743-49D6-9C12-25D3A9C8446B}.AppStore|iPhone.ActiveCfg = AppStore|iPhone
		{E3D90551-1743-49D6-9C12-25D3A9C8446B}.AppStore|iPhone.Build.0 = AppStore|iPhone
		{E3D90551-1743-49D6-9C12-25D3A9C8446B}.AppStore|iPhone.Deploy.0 = AppStore|iPhone
		{E3D90551-1743-49D6-9C12-25D3A9C8446B}.AppStore|iPhoneSimulator.ActiveCfg = AppStore|iPhoneSimulator
		{E3D90551-1743-49D6-9C12-25D3A9C8446B}.AppStore|iPhoneSimulator.Build.0 = AppStore|iPhoneSimulator
		{E3D90551-1743-49D6-9C12-25D3A9C8446B}.AppStore|iPhoneSimulator.Deploy.0 = AppStore|iPhoneSimulator
		{E3D90551-1743-49D6-9C12-25D3A9C8446B}.AppStore|x64.ActiveCfg = AppStore|iPhone
		{E3D90551-1743-49D6-9C12-25D3A9C8446B}.AppStore|x64.Deploy.0 = AppStore|iPhone
		{E3D90551-1743-49D6-9C12-25D3A9C8446B}.AppStore|x86.ActiveCfg = AppStore|iPhone
		{E3D90551-1743-49D6-9C12-25D3A9C8446B}.AppStore|x86.Deploy.0 = AppStore|iPhone
		{E3D90551-1743-49D6-9C12-25D3A9C8446B}.Debug|Any CPU.ActiveCfg = Debug|iPhoneSimulator
		{E3D90551-1743-49D6-9C12-25D3A9C8446B}.Debug|Any CPU.Deploy.0 = Debug|iPhoneSimulator
		{E3D90551-1743-49D6-9C12-25D3A9C8446B}.Debug|ARM.ActiveCfg = Debug|iPhone
		{E3D90551-1743-49D6-9C12-25D3A9C8446B}.Debug|ARM.Deploy.0 = Debug|iPhone
		{E3D90551-1743-49D6-9C12-25D3A9C8446B}.Debug|iPhone.ActiveCfg = Debug|iPhone
		{E3D90551-1743-49D6-9C12-25D3A9C8446B}.Debug|iPhone.Build.0 = Debug|iPhone
		{E3D90551-1743-49D6-9C12-25D3A9C8446B}.Debug|iPhone.Deploy.0 = Debug|iPhone
		{E3D90551-1743-49D6-9C12-25D3A9C8446B}.Debug|iPhoneSimulator.ActiveCfg = Debug|iPhoneSimulator
		{E3D90551-1743-49D6-9C12-25D3A9C8446B}.Debug|iPhoneSimulator.Build.0 = Debug|iPhoneSimulator
		{E3D90551-1743-49D6-9C12-25D3A9C8446B}.Debug|iPhoneSimulator.Deploy.0 = Debug|iPhoneSimulator
		{E3D90551-1743-49D6-9C12-25D3A9C8446B}.Debug|x64.ActiveCfg = Debug|iPhone
		{E3D90551-1743-49D6-9C12-25D3A9C8446B}.Debug|x64.Deploy.0 = Debug|iPhone
		{E3D90551-1743-49D6-9C12-25D3A9C8446B}.Debug|x86.ActiveCfg = Debug|iPhone
		{E3D90551-1743-49D6-9C12-25D3A9C8446B}.Debug|x86.Deploy.0 = Debug|iPhone
		{E3D90551-1743-49D6-9C12-25D3A9C8446B}.Release|Any CPU.ActiveCfg = Release|iPhone
		{E3D90551-1743-49D6-9C12-25D3A9C8446B}.Release|Any CPU.Deploy.0 = Release|iPhone
		{E3D90551-1743-49D6-9C12-25D3A9C8446B}.Release|ARM.ActiveCfg = Release|iPhone
		{E3D90551-1743-49D6-9C12-25D3A9C8446B}.Release|ARM.Deploy.0 = Release|iPhone
		{E3D90551-1743-49D6-9C12-25D3A9C8446B}.Release|iPhone.ActiveCfg = Release|iPhone
		{E3D90551-1743-49D6-9C12-25D3A9C8446B}.Release|iPhone.Build.0 = Release|iPhone
		{E3D90551-1743-49D6-9C12-25D3A9C8446B}.Release|iPhone.Deploy.0 = Release|iPhone
		{E3D90551-1743-49D6-9C12-25D3A9C8446B}.Release|iPhoneSimulator.ActiveCfg = Release|iPhoneSimulator
		{E3D90551-1743-49D6-9C12-25D3A9C8446B}.Release|iPhoneSimulator.Build.0 = Release|iPhoneSimulator
		{E3D90551-1743-49D6-9C12-25D3A9C8446B}.Release|iPhoneSimulator.Deploy.0 = Release|iPhoneSimulator
		{E3D90551-1743-49D6-9C12-25D3A9C8446B}.Release|x64.ActiveCfg = Release|iPhone
		{E3D90551-1743-49D6-9C12-25D3A9C8446B}.Release|x64.Deploy.0 = Release|iPhone
		{E3D90551-1743-49D6-9C12-25D3A9C8446B}.Release|x86.ActiveCfg = Release|iPhone
		{E3D90551-1743-49D6-9C12-25D3A9C8446B}.Release|x86.Deploy.0 = Release|iPhone
		{B3F1933B-99D4-4FCA-9B16-37BB849FFCFE}.Ad-Hoc|Any CPU.ActiveCfg = Release|x86
		{B3F1933B-99D4-4FCA-9B16-37BB849FFCFE}.Ad-Hoc|ARM.ActiveCfg = Release|ARM
		{B3F1933B-99D4-4FCA-9B16-37BB849FFCFE}.Ad-Hoc|iPhone.ActiveCfg = Release|x86
		{B3F1933B-99D4-4FCA-9B16-37BB849FFCFE}.Ad-Hoc|iPhoneSimulator.ActiveCfg = Release|x86
		{B3F1933B-99D4-4FCA-9B16-37BB849FFCFE}.Ad-Hoc|x64.ActiveCfg = Release|x64
		{B3F1933B-99D4-4FCA-9B16-37BB849FFCFE}.Ad-Hoc|x86.ActiveCfg = Release|x86
		{B3F1933B-99D4-4FCA-9B16-37BB849FFCFE}.AppStore|Any CPU.ActiveCfg = Release|x86
		{B3F1933B-99D4-4FCA-9B16-37BB849FFCFE}.AppStore|ARM.ActiveCfg = Release|ARM
		{B3F1933B-99D4-4FCA-9B16-37BB849FFCFE}.AppStore|ARM.Build.0 = Release|ARM
		{B3F1933B-99D4-4FCA-9B16-37BB849FFCFE}.AppStore|ARM.Deploy.0 = Release|ARM
		{B3F1933B-99D4-4FCA-9B16-37BB849FFCFE}.AppStore|iPhone.ActiveCfg = Release|x86
		{B3F1933B-99D4-4FCA-9B16-37BB849FFCFE}.AppStore|iPhoneSimulator.ActiveCfg = Release|x86
		{B3F1933B-99D4-4FCA-9B16-37BB849FFCFE}.AppStore|x64.ActiveCfg = Release|x64
		{B3F1933B-99D4-4FCA-9B16-37BB849FFCFE}.AppStore|x64.Build.0 = Release|x64
		{B3F1933B-99D4-4FCA-9B16-37BB849FFCFE}.AppStore|x64.Deploy.0 = Release|x64
		{B3F1933B-99D4-4FCA-9B16-37BB849FFCFE}.AppStore|x86.ActiveCfg = Release|x86
		{B3F1933B-99D4-4FCA-9B16-37BB849FFCFE}.AppStore|x86.Build.0 = Release|x86
		{B3F1933B-99D4-4FCA-9B16-37BB849FFCFE}.AppStore|x86.Deploy.0 = Release|x86
		{B3F1933B-99D4-4FCA-9B16-37BB849FFCFE}.Debug|Any CPU.ActiveCfg = Debug|x86
		{B3F1933B-99D4-4FCA-9B16-37BB849FFCFE}.Debug|ARM.ActiveCfg = Debug|ARM
		{B3F1933B-99D4-4FCA-9B16-37BB849FFCFE}.Debug|ARM.Build.0 = Debug|ARM
		{B3F1933B-99D4-4FCA-9B16-37BB849FFCFE}.Debug|ARM.Deploy.0 = Debug|ARM
		{B3F1933B-99D4-4FCA-9B16-37BB849FFCFE}.Debug|iPhone.ActiveCfg = Debug|x86
		{B3F1933B-99D4-4FCA-9B16-37BB849FFCFE}.Debug|iPhoneSimulator.ActiveCfg = Debug|x86
		{B3F1933B-99D4-4FCA-9B16-37BB849FFCFE}.Debug|x64.ActiveCfg = Debug|x64
		{B3F1933B-99D4-4FCA-9B16-37BB849FFCFE}.Debug|x64.Build.0 = Debug|x64
		{B3F1933B-99D4-4FCA-9B16-37BB849FFCFE}.Debug|x64.Deploy.0 = Debug|x64
		{B3F1933B-99D4-4FCA-9B16-37BB849FFCFE}.Debug|x86.ActiveCfg = Debug|x86
		{B3F1933B-99D4-4FCA-9B16-37BB849FFCFE}.Debug|x86.Build.0 = Debug|x86
		{B3F1933B-99D4-4FCA-9B16-37BB849FFCFE}.Debug|x86.Deploy.0 = Debug|x86
		{B3F1933B-99D4-4FCA-9B16-37BB849FFCFE}.Release|Any CPU.ActiveCfg = Release|x86
		{B3F1933B-99D4-4FCA-9B16-37BB849FFCFE}.Release|ARM.ActiveCfg = Release|ARM
		{B3F1933B-99D4-4FCA-9B16-37BB849FFCFE}.Release|ARM.Build.0 = Release|ARM
		{B3F1933B-99D4-4FCA-9B16-37BB849FFCFE}.Release|ARM.Deploy.0 = Release|ARM
		{B3F1933B-99D4-4FCA-9B16-37BB849FFCFE}.Release|iPhone.ActiveCfg = Release|x86
		{B3F1933B-99D4-4FCA-9B16-37BB849FFCFE}.Release|iPhoneSimulator.ActiveCfg = Release|x86
		{B3F1933B-99D4-4FCA-9B16-37BB849FFCFE}.Release|x64.ActiveCfg = Release|x64
		{B3F1933B-99D4-4FCA-9B16-37BB849FFCFE}.Release|x64.Build.0 = Release|x64
		{B3F1933B-99D4-4FCA-9B16-37BB849FFCFE}.Release|x64.Deploy.0 = Release|x64
		{B3F1933B-99D4-4FCA-9B16-37BB849FFCFE}.Release|x86.ActiveCfg = Release|x86
		{B3F1933B-99D4-4FCA-9B16-37BB849FFCFE}.Release|x86.Build.0 = Release|x86
		{B3F1933B-99D4-4FCA-9B16-37BB849FFCFE}.Release|x86.Deploy.0 = Release|x86
		{C3BED0C8-7B67-438C-A2B5-642955DF0E24}.Ad-Hoc|Any CPU.ActiveCfg = Debug|Any CPU
		{C3BED0C8-7B67-438C-A2B5-642955DF0E24}.Ad-Hoc|Any CPU.Build.0 = Debug|Any CPU
		{C3BED0C8-7B67-438C-A2B5-642955DF0E24}.Ad-Hoc|Any CPU.Deploy.0 = Debug|Any CPU
		{C3BED0C8-7B67-438C-A2B5-642955DF0E24}.Ad-Hoc|ARM.ActiveCfg = Debug|Any CPU
		{C3BED0C8-7B67-438C-A2B5-642955DF0E24}.Ad-Hoc|ARM.Deploy.0 = Debug|Any CPU
		{C3BED0C8-7B67-438C-A2B5-642955DF0E24}.Ad-Hoc|iPhone.ActiveCfg = Debug|Any CPU
		{C3BED0C8-7B67-438C-A2B5-642955DF0E24}.Ad-Hoc|iPhone.Build.0 = Debug|Any CPU
		{C3BED0C8-7B67-438C-A2B5-642955DF0E24}.Ad-Hoc|iPhone.Deploy.0 = Debug|Any CPU
		{C3BED0C8-7B67-438C-A2B5-642955DF0E24}.Ad-Hoc|iPhoneSimulator.ActiveCfg = Debug|Any CPU
		{C3BED0C8-7B67-438C-A2B5-642955DF0E24}.Ad-Hoc|iPhoneSimulator.Build.0 = Debug|Any CPU
		{C3BED0C8-7B67-438C-A2B5-642955DF0E24}.Ad-Hoc|iPhoneSimulator.Deploy.0 = Debug|Any CPU
		{C3BED0C8-7B67-438C-A2B5-642955DF0E24}.Ad-Hoc|x64.ActiveCfg = Debug|Any CPU
		{C3BED0C8-7B67-438C-A2B5-642955DF0E24}.Ad-Hoc|x64.Deploy.0 = Debug|Any CPU
		{C3BED0C8-7B67-438C-A2B5-642955DF0E24}.Ad-Hoc|x86.ActiveCfg = Debug|Any CPU
		{C3BED0C8-7B67-438C-A2B5-642955DF0E24}.Ad-Hoc|x86.Deploy.0 = Debug|Any CPU
		{C3BED0C8-7B67-438C-A2B5-642955DF0E24}.AppStore|Any CPU.ActiveCfg = Debug|Any CPU
		{C3BED0C8-7B67-438C-A2B5-642955DF0E24}.AppStore|Any CPU.Build.0 = Debug|Any CPU
		{C3BED0C8-7B67-438C-A2B5-642955DF0E24}.AppStore|Any CPU.Deploy.0 = Debug|Any CPU
		{C3BED0C8-7B67-438C-A2B5-642955DF0E24}.AppStore|ARM.ActiveCfg = Debug|Any CPU
		{C3BED0C8-7B67-438C-A2B5-642955DF0E24}.AppStore|ARM.Build.0 = Debug|Any CPU
		{C3BED0C8-7B67-438C-A2B5-642955DF0E24}.AppStore|ARM.Deploy.0 = Debug|Any CPU
		{C3BED0C8-7B67-438C-A2B5-642955DF0E24}.AppStore|iPhone.ActiveCfg = Debug|Any CPU
		{C3BED0C8-7B67-438C-A2B5-642955DF0E24}.AppStore|iPhone.Build.0 = Debug|Any CPU
		{C3BED0C8-7B67-438C-A2B5-642955DF0E24}.AppStore|iPhone.Deploy.0 = Debug|Any CPU
		{C3BED0C8-7B67-438C-A2B5-642955DF0E24}.AppStore|iPhoneSimulator.ActiveCfg = Debug|Any CPU
		{C3BED0C8-7B67-438C-A2B5-642955DF0E24}.AppStore|iPhoneSimulator.Build.0 = Debug|Any CPU
		{C3BED0C8-7B67-438C-A2B5-642955DF0E24}.AppStore|iPhoneSimulator.Deploy.0 = Debug|Any CPU
		{C3BED0C8-7B67-438C-A2B5-642955DF0E24}.AppStore|x64.ActiveCfg = Debug|Any CPU
		{C3BED0C8-7B67-438C-A2B5-642955DF0E24}.AppStore|x64.Build.0 = Debug|Any CPU
		{C3BED0C8-7B67-438C-A2B5-642955DF0E24}.AppStore|x64.Deploy.0 = Debug|Any CPU
		{C3BED0C8-7B67-438C-A2B5-642955DF0E24}.AppStore|x86.ActiveCfg = Debug|Any CPU
		{C3BED0C8-7B67-438C-A2B5-642955DF0E24}.AppStore|x86.Build.0 = Debug|Any CPU
		{C3BED0C8-7B67-438C-A2B5-642955DF0E24}.AppStore|x86.Deploy.0 = Debug|Any CPU
		{C3BED0C8-7B67-438C-A2B5-642955DF0E24}.Debug|Any CPU.ActiveCfg = Debug|Any CPU
		{C3BED0C8-7B67-438C-A2B5-642955DF0E24}.Debug|Any CPU.Build.0 = Debug|Any CPU
		{C3BED0C8-7B67-438C-A2B5-642955DF0E24}.Debug|Any CPU.Deploy.0 = Debug|Any CPU
		{C3BED0C8-7B67-438C-A2B5-642955DF0E24}.Debug|ARM.ActiveCfg = Debug|Any CPU
		{C3BED0C8-7B67-438C-A2B5-642955DF0E24}.Debug|ARM.Build.0 = Debug|Any CPU
		{C3BED0C8-7B67-438C-A2B5-642955DF0E24}.Debug|ARM.Deploy.0 = Debug|Any CPU
		{C3BED0C8-7B67-438C-A2B5-642955DF0E24}.Debug|iPhone.ActiveCfg = Debug|Any CPU
		{C3BED0C8-7B67-438C-A2B5-642955DF0E24}.Debug|iPhone.Build.0 = Debug|Any CPU
		{C3BED0C8-7B67-438C-A2B5-642955DF0E24}.Debug|iPhone.Deploy.0 = Debug|Any CPU
		{C3BED0C8-7B67-438C-A2B5-642955DF0E24}.Debug|iPhoneSimulator.ActiveCfg = Debug|Any CPU
		{C3BED0C8-7B67-438C-A2B5-642955DF0E24}.Debug|iPhoneSimulator.Build.0 = Debug|Any CPU
		{C3BED0C8-7B67-438C-A2B5-642955DF0E24}.Debug|iPhoneSimulator.Deploy.0 = Debug|Any CPU
		{C3BED0C8-7B67-438C-A2B5-642955DF0E24}.Debug|x64.ActiveCfg = Debug|Any CPU
		{C3BED0C8-7B67-438C-A2B5-642955DF0E24}.Debug|x64.Build.0 = Debug|Any CPU
		{C3BED0C8-7B67-438C-A2B5-642955DF0E24}.Debug|x64.Deploy.0 = Debug|Any CPU
		{C3BED0C8-7B67-438C-A2B5-642955DF0E24}.Debug|x86.ActiveCfg = Debug|Any CPU
		{C3BED0C8-7B67-438C-A2B5-642955DF0E24}.Debug|x86.Build.0 = Debug|Any CPU
		{C3BED0C8-7B67-438C-A2B5-642955DF0E24}.Debug|x86.Deploy.0 = Debug|Any CPU
		{C3BED0C8-7B67-438C-A2B5-642955DF0E24}.Release|Any CPU.ActiveCfg = Release|Any CPU
		{C3BED0C8-7B67-438C-A2B5-642955DF0E24}.Release|Any CPU.Build.0 = Release|Any CPU
		{C3BED0C8-7B67-438C-A2B5-642955DF0E24}.Release|Any CPU.Deploy.0 = Release|Any CPU
		{C3BED0C8-7B67-438C-A2B5-642955DF0E24}.Release|ARM.ActiveCfg = Release|Any CPU
		{C3BED0C8-7B67-438C-A2B5-642955DF0E24}.Release|ARM.Build.0 = Release|Any CPU
		{C3BED0C8-7B67-438C-A2B5-642955DF0E24}.Release|ARM.Deploy.0 = Release|Any CPU
		{C3BED0C8-7B67-438C-A2B5-642955DF0E24}.Release|iPhone.ActiveCfg = Release|Any CPU
		{C3BED0C8-7B67-438C-A2B5-642955DF0E24}.Release|iPhone.Build.0 = Release|Any CPU
		{C3BED0C8-7B67-438C-A2B5-642955DF0E24}.Release|iPhone.Deploy.0 = Release|Any CPU
		{C3BED0C8-7B67-438C-A2B5-642955DF0E24}.Release|iPhoneSimulator.ActiveCfg = Release|Any CPU
		{C3BED0C8-7B67-438C-A2B5-642955DF0E24}.Release|iPhoneSimulator.Build.0 = Release|Any CPU
		{C3BED0C8-7B67-438C-A2B5-642955DF0E24}.Release|iPhoneSimulator.Deploy.0 = Release|Any CPU
		{C3BED0C8-7B67-438C-A2B5-642955DF0E24}.Release|x64.ActiveCfg = Release|Any CPU
		{C3BED0C8-7B67-438C-A2B5-642955DF0E24}.Release|x64.Build.0 = Release|Any CPU
		{C3BED0C8-7B67-438C-A2B5-642955DF0E24}.Release|x64.Deploy.0 = Release|Any CPU
		{C3BED0C8-7B67-438C-A2B5-642955DF0E24}.Release|x86.ActiveCfg = Release|Any CPU
		{C3BED0C8-7B67-438C-A2B5-642955DF0E24}.Release|x86.Build.0 = Release|Any CPU
		{C3BED0C8-7B67-438C-A2B5-642955DF0E24}.Release|x86.Deploy.0 = Release|Any CPU
	EndGlobalSection
	GlobalSection(SolutionProperties) = preSolution
		HideSolutionNode = FALSE
	EndGlobalSection
	GlobalSection(ExtensibilityGlobals) = postSolution
		SolutionGuid = {000F3001-0D2C-4D73-B36A-76DF70E3156C}
	EndGlobalSection
EndGlobal
